
Microsoft Visual Studio Solution File, Format Version 12.00
# Visual Studio Version 16
VisualStudioVersion = 16.0.30907.101
MinimumVisualStudioVersion = 10.0.40219.1
Project("{FAE04EC0-301F-11D3-BF4B-00C04F79EFBC}") = "Xamarin.Forms.ComboBox", "Xamarin.Forms.ComboBox.csproj", "{57FE5CB0-2246-4596-A93D-27906AC7834A}"
EndProject
Global
	GlobalSection(SolutionConfigurationPlatforms) = preSolution
		Debug|Any CPU = Debug|Any CPU
		Release|Any CPU = Release|Any CPU
	EndGlobalSection
	GlobalSection(ProjectConfigurationPlatforms) = postSolution
		{57FE5CB0-2246-4596-A93D-27906AC7834A}.Debug|Any CPU.ActiveCfg = Debug|Any CPU
		{57FE5CB0-2246-4596-A93D-27906AC7834A}.Debug|Any CPU.Build.0 = Debug|Any CPU
		{57FE5CB0-2246-4596-A93D-27906AC7834A}.Release|Any CPU.ActiveCfg = Release|Any CPU
		{57FE5CB0-2246-4596-A93D-27906AC7834A}.Release|Any CPU.Build.0 = Release|Any CPU
	EndGlobalSection
	GlobalSection(SolutionProperties) = preSolution
		HideSolutionNode = FALSE
	EndGlobalSection
	GlobalSection(ExtensibilityGlobals) = postSolution
		SolutionGuid = {D1F2B8D2-8A98-43E3-81EF-56190F4F6538}
	EndGlobalSection
EndGlobal
